// !$*UTF8*$!
{
	archiveVersion = 1;
	classes = {
	};
	objectVersion = 46;
	objects = {

/* Begin PBXBuildFile section */
		3F2296371CEE286500F45BA2 /* Author.swift in Sources */ = {isa = PBXBuildFile; fileRef = 3F22961D1CEE286500F45BA2 /* Author.swift */; };
		3F2296381CEE286500F45BA2 /* Book.swift in Sources */ = {isa = PBXBuildFile; fileRef = 3F22961E1CEE286500F45BA2 /* Book.swift */; };
		3F2296391CEE286500F45BA2 /* BooksAndAuthors.plist in Resources */ = {isa = PBXBuildFile; fileRef = 3F22961F1CEE286500F45BA2 /* BooksAndAuthors.plist */; };
		3F22963A1CEE286500F45BA2 /* Austen.png in Resources */ = {isa = PBXBuildFile; fileRef = 3F2296211CEE286500F45BA2 /* Austen.png */; };
		3F22963B1CEE286500F45BA2 /* Bacon.png in Resources */ = {isa = PBXBuildFile; fileRef = 3F2296221CEE286500F45BA2 /* Bacon.png */; };
		3F22963C1CEE286500F45BA2 /* Carroll.png in Resources */ = {isa = PBXBuildFile; fileRef = 3F2296231CEE286500F45BA2 /* Carroll.png */; };
		3F22963D1CEE286500F45BA2 /* Dostoevsky.png in Resources */ = {isa = PBXBuildFile; fileRef = 3F2296241CEE286500F45BA2 /* Dostoevsky.png */; };
		3F22963E1CEE286500F45BA2 /* Eliot.png in Resources */ = {isa = PBXBuildFile; fileRef = 3F2296251CEE286500F45BA2 /* Eliot.png */; };
		3F22963F1CEE286500F45BA2 /* Emerson.png in Resources */ = {isa = PBXBuildFile; fileRef = 3F2296261CEE286500F45BA2 /* Emerson.png */; };
		3F2296401CEE286500F45BA2 /* Hemingway.png in Resources */ = {isa = PBXBuildFile; fileRef = 3F2296271CEE286500F45BA2 /* Hemingway.png */; };
		3F2296411CEE286500F45BA2 /* Milne.png in Resources */ = {isa = PBXBuildFile; fileRef = 3F2296281CEE286500F45BA2 /* Milne.png */; };
		3F2296421CEE286500F45BA2 /* More.png in Resources */ = {isa = PBXBuildFile; fileRef = 3F2296291CEE286500F45BA2 /* More.png */; };
		3F2296431CEE286500F45BA2 /* Newton.png in Resources */ = {isa = PBXBuildFile; fileRef = 3F22962A1CEE286500F45BA2 /* Newton.png */; };
		3F2296441CEE286500F45BA2 /* NoImage.png in Resources */ = {isa = PBXBuildFile; fileRef = 3F22962B1CEE286500F45BA2 /* NoImage.png */; };
		3F2296451CEE286500F45BA2 /* Shakespeare.png in Resources */ = {isa = PBXBuildFile; fileRef = 3F22962C1CEE286500F45BA2 /* Shakespeare.png */; };
		3F2296461CEE286500F45BA2 /* Thoreau.jpg in Resources */ = {isa = PBXBuildFile; fileRef = 3F22962D1CEE286500F45BA2 /* Thoreau.jpg */; };
		3F2296471CEE286500F45BA2 /* Tolstoy.png in Resources */ = {isa = PBXBuildFile; fileRef = 3F22962E1CEE286500F45BA2 /* Tolstoy.png */; };
		3F2296481CEE286500F45BA2 /* Twain.png in Resources */ = {isa = PBXBuildFile; fileRef = 3F22962F1CEE286500F45BA2 /* Twain.png */; };
		3F2296491CEE286500F45BA2 /* Wells.png in Resources */ = {isa = PBXBuildFile; fileRef = 3F2296301CEE286500F45BA2 /* Wells.png */; };
		3F22964A1CEE286500F45BA2 /* Whitman.png in Resources */ = {isa = PBXBuildFile; fileRef = 3F2296311CEE286500F45BA2 /* Whitman.png */; };
		3F22964C1CEE286500F45BA2 /* ModelObject.swift in Sources */ = {isa = PBXBuildFile; fileRef = 3F2296331CEE286500F45BA2 /* ModelObject.swift */; };
		3F22964D1CEE286500F45BA2 /* ReadingList.swift in Sources */ = {isa = PBXBuildFile; fileRef = 3F2296341CEE286500F45BA2 /* ReadingList.swift */; };
		3F22964E1CEE286500F45BA2 /* ReadingListStore.swift in Sources */ = {isa = PBXBuildFile; fileRef = 3F2296361CEE286500F45BA2 /* ReadingListStore.swift */; };
		3F2296581CEE2E9200F45BA2 /* AppDelegate.swift in Sources */ = {isa = PBXBuildFile; fileRef = 3F2296501CEE2E9200F45BA2 /* AppDelegate.swift */; };
		3F2296591CEE2E9200F45BA2 /* Assets.xcassets in Resources */ = {isa = PBXBuildFile; fileRef = 3F2296511CEE2E9200F45BA2 /* Assets.xcassets */; };
		3F22965A1CEE2E9200F45BA2 /* LaunchScreen.storyboard in Resources */ = {isa = PBXBuildFile; fileRef = 3F2296521CEE2E9200F45BA2 /* LaunchScreen.storyboard */; };
		3F22965B1CEE2E9200F45BA2 /* Main.storyboard in Resources */ = {isa = PBXBuildFile; fileRef = 3F2296541CEE2E9200F45BA2 /* Main.storyboard */; };
		3F22965D1CEE2E9200F45BA2 /* ReadingListViewController.swift in Sources */ = {isa = PBXBuildFile; fileRef = 3F2296571CEE2E9200F45BA2 /* ReadingListViewController.swift */; };
		3F8C37201CEE588C0038AB7F /* BookDetailViewController.swift in Sources */ = {isa = PBXBuildFile; fileRef = 3F8C371F1CEE588C0038AB7F /* BookDetailViewController.swift */; };
		3F8C37221CEE5D620038AB7F /* BookDetailCell.swift in Sources */ = {isa = PBXBuildFile; fileRef = 3F8C37211CEE5D620038AB7F /* BookDetailCell.swift */; };
		3F8C37241CEE6A700038AB7F /* BookEditViewController.swift in Sources */ = {isa = PBXBuildFile; fileRef = 3F8C37231CEE6A700038AB7F /* BookEditViewController.swift */; };
/* End PBXBuildFile section */

/* Begin PBXFileReference section */
		3F22961D1CEE286500F45BA2 /* Author.swift */ = {isa = PBXFileReference; fileEncoding = 4; lastKnownFileType = sourcecode.swift; path = Author.swift; sourceTree = "<group>"; };
		3F22961E1CEE286500F45BA2 /* Book.swift */ = {isa = PBXFileReference; fileEncoding = 4; lastKnownFileType = sourcecode.swift; path = Book.swift; sourceTree = "<group>"; };
		3F22961F1CEE286500F45BA2 /* BooksAndAuthors.plist */ = {isa = PBXFileReference; lastKnownFileType = text.plist; path = BooksAndAuthors.plist; sourceTree = "<group>"; };
		3F2296211CEE286500F45BA2 /* Austen.png */ = {isa = PBXFileReference; lastKnownFileType = image.png; path = Austen.png; sourceTree = "<group>"; };
		3F2296221CEE286500F45BA2 /* Bacon.png */ = {isa = PBXFileReference; lastKnownFileType = image.png; path = Bacon.png; sourceTree = "<group>"; };
		3F2296231CEE286500F45BA2 /* Carroll.png */ = {isa = PBXFileReference; lastKnownFileType = image.png; path = Carroll.png; sourceTree = "<group>"; };
		3F2296241CEE286500F45BA2 /* Dostoevsky.png */ = {isa = PBXFileReference; lastKnownFileType = image.png; path = Dostoevsky.png; sourceTree = "<group>"; };
		3F2296251CEE286500F45BA2 /* Eliot.png */ = {isa = PBXFileReference; lastKnownFileType = image.png; path = Eliot.png; sourceTree = "<group>"; };
		3F2296261CEE286500F45BA2 /* Emerson.png */ = {isa = PBXFileReference; lastKnownFileType = image.png; path = Emerson.png; sourceTree = "<group>"; };
		3F2296271CEE286500F45BA2 /* Hemingway.png */ = {isa = PBXFileReference; lastKnownFileType = image.png; path = Hemingway.png; sourceTree = "<group>"; };
		3F2296281CEE286500F45BA2 /* Milne.png */ = {isa = PBXFileReference; lastKnownFileType = image.png; path = Milne.png; sourceTree = "<group>"; };
		3F2296291CEE286500F45BA2 /* More.png */ = {isa = PBXFileReference; lastKnownFileType = image.png; path = More.png; sourceTree = "<group>"; };
		3F22962A1CEE286500F45BA2 /* Newton.png */ = {isa = PBXFileReference; lastKnownFileType = image.png; path = Newton.png; sourceTree = "<group>"; };
		3F22962B1CEE286500F45BA2 /* NoImage.png */ = {isa = PBXFileReference; lastKnownFileType = image.png; path = NoImage.png; sourceTree = "<group>"; };
		3F22962C1CEE286500F45BA2 /* Shakespeare.png */ = {isa = PBXFileReference; lastKnownFileType = image.png; path = Shakespeare.png; sourceTree = "<group>"; };
		3F22962D1CEE286500F45BA2 /* Thoreau.jpg */ = {isa = PBXFileReference; lastKnownFileType = image.jpeg; path = Thoreau.jpg; sourceTree = "<group>"; };
		3F22962E1CEE286500F45BA2 /* Tolstoy.png */ = {isa = PBXFileReference; lastKnownFileType = image.png; path = Tolstoy.png; sourceTree = "<group>"; };
		3F22962F1CEE286500F45BA2 /* Twain.png */ = {isa = PBXFileReference; lastKnownFileType = image.png; path = Twain.png; sourceTree = "<group>"; };
		3F2296301CEE286500F45BA2 /* Wells.png */ = {isa = PBXFileReference; lastKnownFileType = image.png; path = Wells.png; sourceTree = "<group>"; };
		3F2296311CEE286500F45BA2 /* Whitman.png */ = {isa = PBXFileReference; lastKnownFileType = image.png; path = Whitman.png; sourceTree = "<group>"; };
		3F2296331CEE286500F45BA2 /* ModelObject.swift */ = {isa = PBXFileReference; fileEncoding = 4; lastKnownFileType = sourcecode.swift; path = ModelObject.swift; sourceTree = "<group>"; };
		3F2296341CEE286500F45BA2 /* ReadingList.swift */ = {isa = PBXFileReference; fileEncoding = 4; lastKnownFileType = sourcecode.swift; path = ReadingList.swift; sourceTree = "<group>"; };
		3F2296351CEE286500F45BA2 /* ReadingListModel.h */ = {isa = PBXFileReference; fileEncoding = 4; lastKnownFileType = sourcecode.c.h; path = ReadingListModel.h; sourceTree = "<group>"; };
		3F2296361CEE286500F45BA2 /* ReadingListStore.swift */ = {isa = PBXFileReference; fileEncoding = 4; lastKnownFileType = sourcecode.swift; path = ReadingListStore.swift; sourceTree = "<group>"; };
		3F2296501CEE2E9200F45BA2 /* AppDelegate.swift */ = {isa = PBXFileReference; fileEncoding = 4; lastKnownFileType = sourcecode.swift; path = AppDelegate.swift; sourceTree = "<group>"; };
		3F2296511CEE2E9200F45BA2 /* Assets.xcassets */ = {isa = PBXFileReference; lastKnownFileType = folder.assetcatalog; path = Assets.xcassets; sourceTree = "<group>"; };
		3F2296531CEE2E9200F45BA2 /* Base */ = {isa = PBXFileReference; lastKnownFileType = file.storyboard; name = Base; path = Base.lproj/LaunchScreen.storyboard; sourceTree = "<group>"; };
		3F2296551CEE2E9200F45BA2 /* Base */ = {isa = PBXFileReference; lastKnownFileType = file.storyboard; name = Base; path = Base.lproj/Main.storyboard; sourceTree = "<group>"; };
		3F2296561CEE2E9200F45BA2 /* Info.plist */ = {isa = PBXFileReference; fileEncoding = 4; lastKnownFileType = text.plist.xml; path = Info.plist; sourceTree = "<group>"; };
		3F2296571CEE2E9200F45BA2 /* ReadingListViewController.swift */ = {isa = PBXFileReference; fileEncoding = 4; lastKnownFileType = sourcecode.swift; path = ReadingListViewController.swift; sourceTree = "<group>"; };
		3F26DE5A1CED0CE300E3F812 /* ReadingList.app */ = {isa = PBXFileReference; explicitFileType = wrapper.application; includeInIndex = 0; path = ReadingList.app; sourceTree = BUILT_PRODUCTS_DIR; };
		3F8C371F1CEE588C0038AB7F /* BookDetailViewController.swift */ = {isa = PBXFileReference; fileEncoding = 4; lastKnownFileType = sourcecode.swift; path = BookDetailViewController.swift; sourceTree = "<group>"; };
		3F8C37211CEE5D620038AB7F /* BookDetailCell.swift */ = {isa = PBXFileReference; fileEncoding = 4; lastKnownFileType = sourcecode.swift; path = BookDetailCell.swift; sourceTree = "<group>"; };
		3F8C37231CEE6A700038AB7F /* BookEditViewController.swift */ = {isa = PBXFileReference; fileEncoding = 4; lastKnownFileType = sourcecode.swift; path = BookEditViewController.swift; sourceTree = "<group>"; };
/* End PBXFileReference section */

/* Begin PBXFrameworksBuildPhase section */
		3F26DE571CED0CE300E3F812 /* Frameworks */ = {
			isa = PBXFrameworksBuildPhase;
			buildActionMask = 2147483647;
			files = (
			);
			runOnlyForDeploymentPostprocessing = 0;
		};
/* End PBXFrameworksBuildPhase section */

/* Begin PBXGroup section */
		3F22961C1CEE286500F45BA2 /* ReadingListModel */ = {
			isa = PBXGroup;
			children = (
				3F22961D1CEE286500F45BA2 /* Author.swift */,
				3F22961E1CEE286500F45BA2 /* Book.swift */,
				3F22961F1CEE286500F45BA2 /* BooksAndAuthors.plist */,
				3F2296201CEE286500F45BA2 /* Images */,
				3F2296331CEE286500F45BA2 /* ModelObject.swift */,
				3F2296341CEE286500F45BA2 /* ReadingList.swift */,
				3F2296351CEE286500F45BA2 /* ReadingListModel.h */,
				3F2296361CEE286500F45BA2 /* ReadingListStore.swift */,
			);
			path = ReadingListModel;
			sourceTree = "<group>";
		};
		3F2296201CEE286500F45BA2 /* Images */ = {
			isa = PBXGroup;
			children = (
				3F2296211CEE286500F45BA2 /* Austen.png */,
				3F2296221CEE286500F45BA2 /* Bacon.png */,
				3F2296231CEE286500F45BA2 /* Carroll.png */,
				3F2296241CEE286500F45BA2 /* Dostoevsky.png */,
				3F2296251CEE286500F45BA2 /* Eliot.png */,
				3F2296261CEE286500F45BA2 /* Emerson.png */,
				3F2296271CEE286500F45BA2 /* Hemingway.png */,
				3F2296281CEE286500F45BA2 /* Milne.png */,
				3F2296291CEE286500F45BA2 /* More.png */,
				3F22962A1CEE286500F45BA2 /* Newton.png */,
				3F22962B1CEE286500F45BA2 /* NoImage.png */,
				3F22962C1CEE286500F45BA2 /* Shakespeare.png */,
				3F22962D1CEE286500F45BA2 /* Thoreau.jpg */,
				3F22962E1CEE286500F45BA2 /* Tolstoy.png */,
				3F22962F1CEE286500F45BA2 /* Twain.png */,
				3F2296301CEE286500F45BA2 /* Wells.png */,
				3F2296311CEE286500F45BA2 /* Whitman.png */,
			);
			path = Images;
			sourceTree = "<group>";
		};
		3F22964F1CEE2E9200F45BA2 /* ReadingList */ = {
			isa = PBXGroup;
			children = (
				3F2296501CEE2E9200F45BA2 /* AppDelegate.swift */,
				3F2296571CEE2E9200F45BA2 /* ReadingListViewController.swift */,
				3F8C371F1CEE588C0038AB7F /* BookDetailViewController.swift */,
				3F8C37231CEE6A700038AB7F /* BookEditViewController.swift */,
				3F8C37211CEE5D620038AB7F /* BookDetailCell.swift */,
				3F2296511CEE2E9200F45BA2 /* Assets.xcassets */,
				3F2296521CEE2E9200F45BA2 /* LaunchScreen.storyboard */,
				3F2296541CEE2E9200F45BA2 /* Main.storyboard */,
				3F2296561CEE2E9200F45BA2 /* Info.plist */,
			);
			path = ReadingList;
			sourceTree = "<group>";
		};
		3F26DE511CED0CE300E3F812 = {
			isa = PBXGroup;
			children = (
				3F22961C1CEE286500F45BA2 /* ReadingListModel */,
				3F22964F1CEE2E9200F45BA2 /* ReadingList */,
				3F26DE5B1CED0CE300E3F812 /* Products */,
			);
			sourceTree = "<group>";
		};
		3F26DE5B1CED0CE300E3F812 /* Products */ = {
			isa = PBXGroup;
			children = (
				3F26DE5A1CED0CE300E3F812 /* ReadingList.app */,
			);
			name = Products;
			sourceTree = "<group>";
		};
/* End PBXGroup section */

/* Begin PBXNativeTarget section */
		3F26DE591CED0CE300E3F812 /* ReadingList */ = {
			isa = PBXNativeTarget;
			buildConfigurationList = 3F26DE6C1CED0CE300E3F812 /* Build configuration list for PBXNativeTarget "ReadingList" */;
			buildPhases = (
				3F26DE561CED0CE300E3F812 /* Sources */,
				3F26DE571CED0CE300E3F812 /* Frameworks */,
				3F26DE581CED0CE300E3F812 /* Resources */,
			);
			buildRules = (
			);
			dependencies = (
			);
			name = ReadingList;
			productName = ReadingList;
			productReference = 3F26DE5A1CED0CE300E3F812 /* ReadingList.app */;
			productType = "com.apple.product-type.application";
		};
/* End PBXNativeTarget section */

/* Begin PBXProject section */
		3F26DE521CED0CE300E3F812 /* Project object */ = {
			isa = PBXProject;
			attributes = {
				LastSwiftUpdateCheck = 0720;
				LastUpgradeCheck = 0720;
				ORGANIZATIONNAME = Student;
				TargetAttributes = {
					3F26DE591CED0CE300E3F812 = {
						CreatedOnToolsVersion = 7.2.1;
					};
				};
			};
			buildConfigurationList = 3F26DE551CED0CE300E3F812 /* Build configuration list for PBXProject "ReadingList" */;
			compatibilityVersion = "Xcode 3.2";
			developmentRegion = English;
			hasScannedForEncodings = 0;
			knownRegions = (
				en,
				Base,
			);
			mainGroup = 3F26DE511CED0CE300E3F812;
			productRefGroup = 3F26DE5B1CED0CE300E3F812 /* Products */;
			projectDirPath = "";
			projectRoot = "";
			targets = (
				3F26DE591CED0CE300E3F812 /* ReadingList */,
			);
		};
/* End PBXProject section */

/* Begin PBXResourcesBuildPhase section */
		3F26DE581CED0CE300E3F812 /* Resources */ = {
			isa = PBXResourcesBuildPhase;
			buildActionMask = 2147483647;
			files = (
				3F22963A1CEE286500F45BA2 /* Austen.png in Resources */,
				3F22963B1CEE286500F45BA2 /* Bacon.png in Resources */,
				3F2296431CEE286500F45BA2 /* Newton.png in Resources */,
				3F22963C1CEE286500F45BA2 /* Carroll.png in Resources */,
				3F2296401CEE286500F45BA2 /* Hemingway.png in Resources */,
				3F22965B1CEE2E9200F45BA2 /* Main.storyboard in Resources */,
				3F22963E1CEE286500F45BA2 /* Eliot.png in Resources */,
				3F2296441CEE286500F45BA2 /* NoImage.png in Resources */,
				3F22963D1CEE286500F45BA2 /* Dostoevsky.png in Resources */,
				3F2296461CEE286500F45BA2 /* Thoreau.jpg in Resources */,
				3F2296481CEE286500F45BA2 /* Twain.png in Resources */,
				3F2296421CEE286500F45BA2 /* More.png in Resources */,
				3F2296391CEE286500F45BA2 /* BooksAndAuthors.plist in Resources */,
				3F2296411CEE286500F45BA2 /* Milne.png in Resources */,
				3F2296591CEE2E9200F45BA2 /* Assets.xcassets in Resources */,
				3F2296451CEE286500F45BA2 /* Shakespeare.png in Resources */,
				3F22964A1CEE286500F45BA2 /* Whitman.png in Resources */,
				3F2296471CEE286500F45BA2 /* Tolstoy.png in Resources */,
				3F22965A1CEE2E9200F45BA2 /* LaunchScreen.storyboard in Resources */,
				3F22963F1CEE286500F45BA2 /* Emerson.png in Resources */,
				3F2296491CEE286500F45BA2 /* Wells.png in Resources */,
			);
			runOnlyForDeploymentPostprocessing = 0;
		};
/* End PBXResourcesBuildPhase section */

/* Begin PBXSourcesBuildPhase section */
		3F26DE561CED0CE300E3F812 /* Sources */ = {
			isa = PBXSourcesBuildPhase;
			buildActionMask = 2147483647;
			files = (
				3F2296581CEE2E9200F45BA2 /* AppDelegate.swift in Sources */,
				3F2296381CEE286500F45BA2 /* Book.swift in Sources */,
				3F22964E1CEE286500F45BA2 /* ReadingListStore.swift in Sources */,
				3F2296371CEE286500F45BA2 /* Author.swift in Sources */,
				3F22965D1CEE2E9200F45BA2 /* ReadingListViewController.swift in Sources */,
				3F22964D1CEE286500F45BA2 /* ReadingList.swift in Sources */,
				3F8C37221CEE5D620038AB7F /* BookDetailCell.swift in Sources */,
				3F22964C1CEE286500F45BA2 /* ModelObject.swift in Sources */,
				3F8C37201CEE588C0038AB7F /* BookDetailViewController.swift in Sources */,
				3F8C37241CEE6A700038AB7F /* BookEditViewController.swift in Sources */,
			);
			runOnlyForDeploymentPostprocessing = 0;
		};
/* End PBXSourcesBuildPhase section */

/* Begin PBXVariantGroup section */
		3F2296521CEE2E9200F45BA2 /* LaunchScreen.storyboard */ = {
			isa = PBXVariantGroup;
			children = (
				3F2296531CEE2E9200F45BA2 /* Base */,
			);
			name = LaunchScreen.storyboard;
			sourceTree = "<group>";
		};
		3F2296541CEE2E9200F45BA2 /* Main.storyboard */ = {
			isa = PBXVariantGroup;
			children = (
				3F2296551CEE2E9200F45BA2 /* Base */,
			);
			name = Main.storyboard;
			sourceTree = "<group>";
		};
/* End PBXVariantGroup section */

/* Begin XCBuildConfiguration section */
		3F26DE6A1CED0CE300E3F812 /* Debug */ = {
			isa = XCBuildConfiguration;
			buildSettings = {
				ALWAYS_SEARCH_USER_PATHS = NO;
				CLANG_CXX_LANGUAGE_STANDARD = "gnu++0x";
				CLANG_CXX_LIBRARY = "libc++";
				CLANG_ENABLE_MODULES = YES;
				CLANG_ENABLE_OBJC_ARC = YES;
				CLANG_WARN_BOOL_CONVERSION = YES;
				CLANG_WARN_CONSTANT_CONVERSION = YES;
				CLANG_WARN_DIRECT_OBJC_ISA_USAGE = YES_ERROR;
				CLANG_WARN_EMPTY_BODY = YES;
				CLANG_WARN_ENUM_CONVERSION = YES;
				CLANG_WARN_INT_CONVERSION = YES;
				CLANG_WARN_OBJC_ROOT_CLASS = YES_ERROR;
				CLANG_WARN_UNREACHABLE_CODE = YES;
				CLANG_WARN__DUPLICATE_METHOD_MATCH = YES;
				"CODE_SIGN_IDENTITY[sdk=iphoneos*]" = "iPhone Developer";
				COPY_PHASE_STRIP = NO;
				DEBUG_INFORMATION_FORMAT = dwarf;
				ENABLE_STRICT_OBJC_MSGSEND = YES;
				ENABLE_TESTABILITY = YES;
				GCC_C_LANGUAGE_STANDARD = gnu99;
				GCC_DYNAMIC_NO_PIC = NO;
				GCC_NO_COMMON_BLOCKS = YES;
				GCC_OPTIMIZATION_LEVEL = 0;
				GCC_PREPROCESSOR_DEFINITIONS = (
					"DEBUG=1",
					"$(inherited)",
				);
				GCC_WARN_64_TO_32_BIT_CONVERSION = YES;
				GCC_WARN_ABOUT_RETURN_TYPE = YES_ERROR;
				GCC_WARN_UNDECLARED_SELECTOR = YES;
				GCC_WARN_UNINITIALIZED_AUTOS = YES_AGGRESSIVE;
				GCC_WARN_UNUSED_FUNCTION = YES;
				GCC_WARN_UNUSED_VARIABLE = YES;
				IPHONEOS_DEPLOYMENT_TARGET = 9.2;
				MTL_ENABLE_DEBUG_INFO = YES;
				ONLY_ACTIVE_ARCH = YES;
				SDKROOT = iphoneos;
				SWIFT_OPTIMIZATION_LEVEL = "-Onone";
			};
			name = Debug;
		};
		3F26DE6B1CED0CE300E3F812 /* Release */ = {
			isa = XCBuildConfiguration;
			buildSettings = {
				ALWAYS_SEARCH_USER_PATHS = NO;
				CLANG_CXX_LANGUAGE_STANDARD = "gnu++0x";
				CLANG_CXX_LIBRARY = "libc++";
				CLANG_ENABLE_MODULES = YES;
				CLANG_ENABLE_OBJC_ARC = YES;
				CLANG_WARN_BOOL_CONVERSION = YES;
				CLANG_WARN_CONSTANT_CONVERSION = YES;
				CLANG_WARN_DIRECT_OBJC_ISA_USAGE = YES_ERROR;
				CLANG_WARN_EMPTY_BODY = YES;
				CLANG_WARN_ENUM_CONVERSION = YES;
				CLANG_WARN_INT_CONVERSION = YES;
				CLANG_WARN_OBJC_ROOT_CLASS = YES_ERROR;
				CLANG_WARN_UNREACHABLE_CODE = YES;
				CLANG_WARN__DUPLICATE_METHOD_MATCH = YES;
				"CODE_SIGN_IDENTITY[sdk=iphoneos*]" = "iPhone Developer";
				COPY_PHASE_STRIP = NO;
				DEBUG_INFORMATION_FORMAT = "dwarf-with-dsym";
				ENABLE_NS_ASSERTIONS = NO;
				ENABLE_STRICT_OBJC_MSGSEND = YES;
				GCC_C_LANGUAGE_STANDARD = gnu99;
				GCC_NO_COMMON_BLOCKS = YES;
				GCC_WARN_64_TO_32_BIT_CONVERSION = YES;
				GCC_WARN_ABOUT_RETURN_TYPE = YES_ERROR;
				GCC_WARN_UNDECLARED_SELECTOR = YES;
				GCC_WARN_UNINITIALIZED_AUTOS = YES_AGGRESSIVE;
				GCC_WARN_UNUSED_FUNCTION = YES;
				GCC_WARN_UNUSED_VARIABLE = YES;
				IPHONEOS_DEPLOYMENT_TARGET = 9.2;
				MTL_ENABLE_DEBUG_INFO = NO;
				SDKROOT = iphoneos;
				VALIDATE_PRODUCT = YES;
			};
			name = Release;
		};
		3F26DE6D1CED0CE300E3F812 /* Debug */ = {
			isa = XCBuildConfiguration;
			buildSettings = {
				ASSETCATALOG_COMPILER_APPICON_NAME = AppIcon;
				INFOPLIST_FILE = ReadingList/Info.plist;
				LD_RUNPATH_SEARCH_PATHS = "$(inherited) @executable_path/Frameworks";
				PRODUCT_BUNDLE_IDENTIFIER = com.aboutobjects.ReadingList;
				PRODUCT_NAME = "$(TARGET_NAME)";
			};
			name = Debug;
		};
		3F26DE6E1CED0CE300E3F812 /* Release */ = {
			isa = XCBuildConfiguration;
			buildSettings = {
				ASSETCATALOG_COMPILER_APPICON_NAME = AppIcon;
				INFOPLIST_FILE = ReadingList/Info.plist;
				LD_RUNPATH_SEARCH_PATHS = "$(inherited) @executable_path/Frameworks";
				PRODUCT_BUNDLE_IDENTIFIER = com.aboutobjects.ReadingList;
				PRODUCT_NAME = "$(TARGET_NAME)";
			};
			name = Release;
		};
/* End XCBuildConfiguration section */

/* Begin XCConfigurationList section */
		3F26DE551CED0CE300E3F812 /* Build configuration list for PBXProject "ReadingList" */ = {
			isa = XCConfigurationList;
			buildConfigurations = (
				3F26DE6A1CED0CE300E3F812 /* Debug */,
				3F26DE6B1CED0CE300E3F812 /* Release */,
			);
			defaultConfigurationIsVisible = 0;
			defaultConfigurationName = Release;
		};
		3F26DE6C1CED0CE300E3F812 /* Build configuration list for PBXNativeTarget "ReadingList" */ = {
			isa = XCConfigurationList;
			buildConfigurations = (
				3F26DE6D1CED0CE300E3F812 /* Debug */,
				3F26DE6E1CED0CE300E3F812 /* Release */,
			);
			defaultConfigurationIsVisible = 0;
			defaultConfigurationName = Release;
		};
/* End XCConfigurationList section */
	};
	rootObject = 3F26DE521CED0CE300E3F812 /* Project object */;
}
