// !$*UTF8*$!
{
	archiveVersion = 1;
	classes = {
	};
	objectVersion = 46;
	objects = {

/* Begin PBXBuildFile section */
		3FC51D4F1CEA31CF00FBBDF4 /* AppDelegate.swift in Sources */ = {isa = PBXBuildFile; fileRef = 3FC51D4E1CEA31CF00FBBDF4 /* AppDelegate.swift */; };
		3FC51D561CEA31CF00FBBDF4 /* Assets.xcassets in Resources */ = {isa = PBXBuildFile; fileRef = 3FC51D551CEA31CF00FBBDF4 /* Assets.xcassets */; };
		3FC51D611CEA582400FBBDF4 /* CoolViewController.swift in Sources */ = {isa = PBXBuildFile; fileRef = 3FC51D601CEA582400FBBDF4 /* CoolViewController.swift */; };
		3FC51D631CEA5DF000FBBDF4 /* Default-568h@2x.png in Resources */ = {isa = PBXBuildFile; fileRef = 3FC51D621CEA5DF000FBBDF4 /* Default-568h@2x.png */; };
		3FC51D651CEA5FE500FBBDF4 /* CoolView.swift in Sources */ = {isa = PBXBuildFile; fileRef = 3FC51D641CEA5FE500FBBDF4 /* CoolView.swift */; };
		3FC51D671CEA68E500FBBDF4 /* CoolViewCell.swift in Sources */ = {isa = PBXBuildFile; fileRef = 3FC51D661CEA68E500FBBDF4 /* CoolViewCell.swift */; };
/* End PBXBuildFile section */

/* Begin PBXFileReference section */
		3FC51D4B1CEA31CF00FBBDF4 /* Coolness.app */ = {isa = PBXFileReference; explicitFileType = wrapper.application; includeInIndex = 0; path = Coolness.app; sourceTree = BUILT_PRODUCTS_DIR; };
		3FC51D4E1CEA31CF00FBBDF4 /* AppDelegate.swift */ = {isa = PBXFileReference; lastKnownFileType = sourcecode.swift; path = AppDelegate.swift; sourceTree = "<group>"; };
		3FC51D551CEA31CF00FBBDF4 /* Assets.xcassets */ = {isa = PBXFileReference; lastKnownFileType = folder.assetcatalog; path = Assets.xcassets; sourceTree = "<group>"; };
		3FC51D5A1CEA31CF00FBBDF4 /* Info.plist */ = {isa = PBXFileReference; lastKnownFileType = text.plist.xml; path = Info.plist; sourceTree = "<group>"; };
		3FC51D601CEA582400FBBDF4 /* CoolViewController.swift */ = {isa = PBXFileReference; fileEncoding = 4; lastKnownFileType = sourcecode.swift; path = CoolViewController.swift; sourceTree = "<group>"; };
		3FC51D621CEA5DF000FBBDF4 /* Default-568h@2x.png */ = {isa = PBXFileReference; lastKnownFileType = image.png; path = "Default-568h@2x.png"; sourceTree = "<group>"; };
		3FC51D641CEA5FE500FBBDF4 /* CoolView.swift */ = {isa = PBXFileReference; fileEncoding = 4; lastKnownFileType = sourcecode.swift; path = CoolView.swift; sourceTree = "<group>"; };
		3FC51D661CEA68E500FBBDF4 /* CoolViewCell.swift */ = {isa = PBXFileReference; fileEncoding = 4; lastKnownFileType = sourcecode.swift; path = CoolViewCell.swift; sourceTree = "<group>"; };
/* End PBXFileReference section */

/* Begin PBXFrameworksBuildPhase section */
		3FC51D481CEA31CF00FBBDF4 /* Frameworks */ = {
			isa = PBXFrameworksBuildPhase;
			buildActionMask = 2147483647;
			files = (
			);
			runOnlyForDeploymentPostprocessing = 0;
		};
/* End PBXFrameworksBuildPhase section */

/* Begin PBXGroup section */
		3FC51D421CEA31CF00FBBDF4 = {
			isa = PBXGroup;
			children = (
				3FC51D621CEA5DF000FBBDF4 /* Default-568h@2x.png */,
				3FC51D4D1CEA31CF00FBBDF4 /* Coolness */,
				3FC51D4C1CEA31CF00FBBDF4 /* Products */,
			);
			sourceTree = "<group>";
		};
		3FC51D4C1CEA31CF00FBBDF4 /* Products */ = {
			isa = PBXGroup;
			children = (
				3FC51D4B1CEA31CF00FBBDF4 /* Coolness.app */,
			);
			name = Products;
			sourceTree = "<group>";
		};
		3FC51D4D1CEA31CF00FBBDF4 /* Coolness */ = {
			isa = PBXGroup;
			children = (
				3FC51D4E1CEA31CF00FBBDF4 /* AppDelegate.swift */,
				3FC51D601CEA582400FBBDF4 /* CoolViewController.swift */,
				3FC51D641CEA5FE500FBBDF4 /* CoolView.swift */,
				3FC51D661CEA68E500FBBDF4 /* CoolViewCell.swift */,
				3FC51D551CEA31CF00FBBDF4 /* Assets.xcassets */,
				3FC51D5A1CEA31CF00FBBDF4 /* Info.plist */,
			);
			path = Coolness;
			sourceTree = "<group>";
		};
/* End PBXGroup section */

/* Begin PBXNativeTarget section */
		3FC51D4A1CEA31CF00FBBDF4 /* Coolness */ = {
			isa = PBXNativeTarget;
			buildConfigurationList = 3FC51D5D1CEA31CF00FBBDF4 /* Build configuration list for PBXNativeTarget "Coolness" */;
			buildPhases = (
				3FC51D471CEA31CF00FBBDF4 /* Sources */,
				3FC51D481CEA31CF00FBBDF4 /* Frameworks */,
				3FC51D491CEA31CF00FBBDF4 /* Resources */,
			);
			buildRules = (
			);
			dependencies = (
			);
			name = Coolness;
			productName = Coolness;
			productReference = 3FC51D4B1CEA31CF00FBBDF4 /* Coolness.app */;
			productType = "com.apple.product-type.application";
		};
/* End PBXNativeTarget section */

/* Begin PBXProject section */
		3FC51D431CEA31CF00FBBDF4 /* Project object */ = {
			isa = PBXProject;
			attributes = {
				LastSwiftUpdateCheck = 0720;
				LastUpgradeCheck = 0720;
				ORGANIZATIONNAME = Student;
				TargetAttributes = {
					3FC51D4A1CEA31CF00FBBDF4 = {
						CreatedOnToolsVersion = 7.2.1;
					};
				};
			};
			buildConfigurationList = 3FC51D461CEA31CF00FBBDF4 /* Build configuration list for PBXProject "Coolness" */;
			compatibilityVersion = "Xcode 3.2";
			developmentRegion = English;
			hasScannedForEncodings = 0;
			knownRegions = (
				en,
				Base,
			);
			mainGroup = 3FC51D421CEA31CF00FBBDF4;
			productRefGroup = 3FC51D4C1CEA31CF00FBBDF4 /* Products */;
			projectDirPath = "";
			projectRoot = "";
			targets = (
				3FC51D4A1CEA31CF00FBBDF4 /* Coolness */,
			);
		};
/* End PBXProject section */

/* Begin PBXResourcesBuildPhase section */
		3FC51D491CEA31CF00FBBDF4 /* Resources */ = {
			isa = PBXResourcesBuildPhase;
			buildActionMask = 2147483647;
			files = (
				3FC51D561CEA31CF00FBBDF4 /* Assets.xcassets in Resources */,
				3FC51D631CEA5DF000FBBDF4 /* Default-568h@2x.png in Resources */,
			);
			runOnlyForDeploymentPostprocessing = 0;
		};
/* End PBXResourcesBuildPhase section */

/* Begin PBXSourcesBuildPhase section */
		3FC51D471CEA31CF00FBBDF4 /* Sources */ = {
			isa = PBXSourcesBuildPhase;
			buildActionMask = 2147483647;
			files = (
				3FC51D4F1CEA31CF00FBBDF4 /* AppDelegate.swift in Sources */,
				3FC51D671CEA68E500FBBDF4 /* CoolViewCell.swift in Sources */,
				3FC51D651CEA5FE500FBBDF4 /* CoolView.swift in Sources */,
				3FC51D611CEA582400FBBDF4 /* CoolViewController.swift in Sources */,
			);
			runOnlyForDeploymentPostprocessing = 0;
		};
/* End PBXSourcesBuildPhase section */

/* Begin XCBuildConfiguration section */
		3FC51D5B1CEA31CF00FBBDF4 /* Debug */ = {
			isa = XCBuildConfiguration;
			buildSettings = {
				ALWAYS_SEARCH_USER_PATHS = NO;
				CLANG_CXX_LANGUAGE_STANDARD = "gnu++0x";
				CLANG_CXX_LIBRARY = "libc++";
				CLANG_ENABLE_MODULES = YES;
				CLANG_ENABLE_OBJC_ARC = YES;
				CLANG_WARN_BOOL_CONVERSION = YES;
				CLANG_WARN_CONSTANT_CONVERSION = YES;
				CLANG_WARN_DIRECT_OBJC_ISA_USAGE = YES_ERROR;
				CLANG_WARN_EMPTY_BODY = YES;
				CLANG_WARN_ENUM_CONVERSION = YES;
				CLANG_WARN_INT_CONVERSION = YES;
				CLANG_WARN_OBJC_ROOT_CLASS = YES_ERROR;
				CLANG_WARN_UNREACHABLE_CODE = YES;
				CLANG_WARN__DUPLICATE_METHOD_MATCH = YES;
				"CODE_SIGN_IDENTITY[sdk=iphoneos*]" = "iPhone Developer";
				COPY_PHASE_STRIP = NO;
				DEBUG_INFORMATION_FORMAT = dwarf;
				ENABLE_STRICT_OBJC_MSGSEND = YES;
				ENABLE_TESTABILITY = YES;
				GCC_C_LANGUAGE_STANDARD = gnu99;
				GCC_DYNAMIC_NO_PIC = NO;
				GCC_NO_COMMON_BLOCKS = YES;
				GCC_OPTIMIZATION_LEVEL = 0;
				GCC_PREPROCESSOR_DEFINITIONS = (
					"DEBUG=1",
					"$(inherited)",
				);
				GCC_WARN_64_TO_32_BIT_CONVERSION = YES;
				GCC_WARN_ABOUT_RETURN_TYPE = YES_ERROR;
				GCC_WARN_UNDECLARED_SELECTOR = YES;
				GCC_WARN_UNINITIALIZED_AUTOS = YES_AGGRESSIVE;
				GCC_WARN_UNUSED_FUNCTION = YES;
				GCC_WARN_UNUSED_VARIABLE = YES;
				IPHONEOS_DEPLOYMENT_TARGET = 9.2;
				MTL_ENABLE_DEBUG_INFO = YES;
				ONLY_ACTIVE_ARCH = YES;
				SDKROOT = iphoneos;
				SWIFT_OPTIMIZATION_LEVEL = "-Onone";
			};
			name = Debug;
		};
		3FC51D5C1CEA31CF00FBBDF4 /* Release */ = {
			isa = XCBuildConfiguration;
			buildSettings = {
				ALWAYS_SEARCH_USER_PATHS = NO;
				CLANG_CXX_LANGUAGE_STANDARD = "gnu++0x";
				CLANG_CXX_LIBRARY = "libc++";
				CLANG_ENABLE_MODULES = YES;
				CLANG_ENABLE_OBJC_ARC = YES;
				CLANG_WARN_BOOL_CONVERSION = YES;
				CLANG_WARN_CONSTANT_CONVERSION = YES;
				CLANG_WARN_DIRECT_OBJC_ISA_USAGE = YES_ERROR;
				CLANG_WARN_EMPTY_BODY = YES;
				CLANG_WARN_ENUM_CONVERSION = YES;
				CLANG_WARN_INT_CONVERSION = YES;
				CLANG_WARN_OBJC_ROOT_CLASS = YES_ERROR;
				CLANG_WARN_UNREACHABLE_CODE = YES;
				CLANG_WARN__DUPLICATE_METHOD_MATCH = YES;
				"CODE_SIGN_IDENTITY[sdk=iphoneos*]" = "iPhone Developer";
				COPY_PHASE_STRIP = NO;
				DEBUG_INFORMATION_FORMAT = "dwarf-with-dsym";
				ENABLE_NS_ASSERTIONS = NO;
				ENABLE_STRICT_OBJC_MSGSEND = YES;
				GCC_C_LANGUAGE_STANDARD = gnu99;
				GCC_NO_COMMON_BLOCKS = YES;
				GCC_WARN_64_TO_32_BIT_CONVERSION = YES;
				GCC_WARN_ABOUT_RETURN_TYPE = YES_ERROR;
				GCC_WARN_UNDECLARED_SELECTOR = YES;
				GCC_WARN_UNINITIALIZED_AUTOS = YES_AGGRESSIVE;
				GCC_WARN_UNUSED_FUNCTION = YES;
				GCC_WARN_UNUSED_VARIABLE = YES;
				IPHONEOS_DEPLOYMENT_TARGET = 9.2;
				MTL_ENABLE_DEBUG_INFO = NO;
				SDKROOT = iphoneos;
				VALIDATE_PRODUCT = YES;
			};
			name = Release;
		};
		3FC51D5E1CEA31CF00FBBDF4 /* Debug */ = {
			isa = XCBuildConfiguration;
			buildSettings = {
				ASSETCATALOG_COMPILER_APPICON_NAME = AppIcon;
				INFOPLIST_FILE = Coolness/Info.plist;
				LD_RUNPATH_SEARCH_PATHS = "$(inherited) @executable_path/Frameworks";
				PRODUCT_BUNDLE_IDENTIFIER = com.aboutobjects.Coolness;
				PRODUCT_NAME = "$(TARGET_NAME)";
			};
			name = Debug;
		};
		3FC51D5F1CEA31CF00FBBDF4 /* Release */ = {
			isa = XCBuildConfiguration;
			buildSettings = {
				ASSETCATALOG_COMPILER_APPICON_NAME = AppIcon;
				INFOPLIST_FILE = Coolness/Info.plist;
				LD_RUNPATH_SEARCH_PATHS = "$(inherited) @executable_path/Frameworks";
				PRODUCT_BUNDLE_IDENTIFIER = com.aboutobjects.Coolness;
				PRODUCT_NAME = "$(TARGET_NAME)";
			};
			name = Release;
		};
/* End XCBuildConfiguration section */

/* Begin XCConfigurationList section */
		3FC51D461CEA31CF00FBBDF4 /* Build configuration list for PBXProject "Coolness" */ = {
			isa = XCConfigurationList;
			buildConfigurations = (
				3FC51D5B1CEA31CF00FBBDF4 /* Debug */,
				3FC51D5C1CEA31CF00FBBDF4 /* Release */,
			);
			defaultConfigurationIsVisible = 0;
			defaultConfigurationName = Release;
		};
		3FC51D5D1CEA31CF00FBBDF4 /* Build configuration list for PBXNativeTarget "Coolness" */ = {
			isa = XCConfigurationList;
			buildConfigurations = (
				3FC51D5E1CEA31CF00FBBDF4 /* Debug */,
				3FC51D5F1CEA31CF00FBBDF4 /* Release */,
			);
			defaultConfigurationIsVisible = 0;
		};
/* End XCConfigurationList section */
	};
	rootObject = 3FC51D431CEA31CF00FBBDF4 /* Project object */;
}
